{
  "name": "vignere-babbage-cipher-web",
  "version": "1.0.0",
  "lockfileVersion": 1,
  "requires": true,
  "dependencies": {
    "elly": {
      "version": "1.1.10",
      "resolved": "https://registry.npmjs.org/elly/-/elly-1.1.10.tgz",
      "integrity": "sha512-CXlhCGIzVjX1SLPttmq2fo7wsOlfPMsxqf8rIbpFSkNWC+U8Nuldo6rG6oeFiBY9+8e7YcizwDnyK72APWH+dQ==",
      "requires": {
        "iterate-object": "^1.3.2",
        "sliced": "^1.0.1"
      }
    },
    "iterate-object": {
      "version": "1.3.3",
      "resolved": "https://registry.npmjs.org/iterate-object/-/iterate-object-1.3.3.tgz",
      "integrity": "sha512-DximWbkke36cnrSfNJv6bgcB2QOMV9PRD2FiowwzCoMsh8RupFLdbNIzWe+cVDWT+NIMNJgGlB1dGxP6kpzGtA=="
    },
    "sliced": {
      "version": "1.0.1",
      "resolved": "https://registry.npmjs.org/sliced/-/sliced-1.0.1.tgz",
      "integrity": "sha1-CzpmK10Ewxd7GSa+qCsD+Dei70E="
    },
    "vignere-babbage-cipher": {
      "version": "1.1.2",
      "resolved": "https://registry.npmjs.org/vignere-babbage-cipher/-/vignere-babbage-cipher-1.1.2.tgz",
      "integrity": "sha512-xSKP7d9TCRZsyfvpu6ijxTFZXEmojGO4XmHFf8gnJO0FQwGm2ST6HcJVMVMg59GfZOqwMiJvu8F8Yq76bxT9gg=="
    }
  }
}
